
Microsoft Visual Studio Solution File, Format Version 12.00
# Visual Studio 15
VisualStudioVersion = 15.0.28307.852
MinimumVisualStudioVersion = 10.0.40219.1
Project("{FAE04EC0-301F-11D3-BF4B-00C04F79EFBC}") = "DataStructures2.0", "DataStructures2.0\DataStructures2.0.csproj", "{173937A9-C242-47C0-A578-6594E505776D}"
EndProject
Global
	GlobalSection(SolutionConfigurationPlatforms) = preSolution
		Debug|Any CPU = Debug|Any CPU
		Release|Any CPU = Release|Any CPU
	EndGlobalSection
	GlobalSection(ProjectConfigurationPlatforms) = postSolution
		{173937A9-C242-47C0-A578-6594E505776D}.Debug|Any CPU.ActiveCfg = Debug|Any CPU
		{173937A9-C242-47C0-A578-6594E505776D}.Debug|Any CPU.Build.0 = Debug|Any CPU
		{173937A9-C242-47C0-A578-6594E505776D}.Release|Any CPU.ActiveCfg = Release|Any CPU
		{173937A9-C242-47C0-A578-6594E505776D}.Release|Any CPU.Build.0 = Release|Any CPU
	EndGlobalSection
	GlobalSection(SolutionProperties) = preSolution
		HideSolutionNode = FALSE
	EndGlobalSection
	GlobalSection(ExtensibilityGlobals) = postSolution
		SolutionGuid = {C96BB0B0-9AC5-4995-82BA-9401D6746202}
	EndGlobalSection
EndGlobal
